
Microsoft Visual Studio Solution File, Format Version 12.00
# Visual Studio Version 17
VisualStudioVersion = 17.3.32825.248
MinimumVisualStudioVersion = 10.0.40219.1
Project("{FAE04EC0-301F-11D3-BF4B-00C04F79EFBC}") = "exprecionesRegulares", "exprecionesRegulares\exprecionesRegulares.csproj", "{EDD5B9C8-C7CB-40F8-81B1-29FBE0489A50}"
EndProject
Global
	GlobalSection(SolutionConfigurationPlatforms) = preSolution
		Debug|Any CPU = Debug|Any CPU
		Release|Any CPU = Release|Any CPU
	EndGlobalSection
	GlobalSection(ProjectConfigurationPlatforms) = postSolution
		{EDD5B9C8-C7CB-40F8-81B1-29FBE0489A50}.Debug|Any CPU.ActiveCfg = Debug|Any CPU
		{EDD5B9C8-C7CB-40F8-81B1-29FBE0489A50}.Debug|Any CPU.Build.0 = Debug|Any CPU
		{EDD5B9C8-C7CB-40F8-81B1-29FBE0489A50}.Release|Any CPU.ActiveCfg = Release|Any CPU
		{EDD5B9C8-C7CB-40F8-81B1-29FBE0489A50}.Release|Any CPU.Build.0 = Release|Any CPU
	EndGlobalSection
	GlobalSection(SolutionProperties) = preSolution
		HideSolutionNode = FALSE
	EndGlobalSection
	GlobalSection(ExtensibilityGlobals) = postSolution
		SolutionGuid = {709BFA78-2180-4E71-8608-B18C78C5D1F7}
	EndGlobalSection
EndGlobal
